
Microsoft Visual Studio Solution File, Format Version 12.00
# Visual Studio Version 16
VisualStudioVersion = 16.0.32630.194
MinimumVisualStudioVersion = 10.0.40219.1
Project("{FAE04EC0-301F-11D3-BF4B-00C04F79EFBC}") = "SampleApp", "SampleApp\SampleApp.csproj", "{EA0150FA-4B6C-4449-9F25-F025059E2CED}"
EndProject
Global
	GlobalSection(SolutionConfigurationPlatforms) = preSolution
		Debug|Any CPU = Debug|Any CPU
		Release|Any CPU = Release|Any CPU
	EndGlobalSection
	GlobalSection(ProjectConfigurationPlatforms) = postSolution
		{EA0150FA-4B6C-4449-9F25-F025059E2CED}.Debug|Any CPU.ActiveCfg = Debug|Any CPU
		{EA0150FA-4B6C-4449-9F25-F025059E2CED}.Debug|Any CPU.Build.0 = Debug|Any CPU
		{EA0150FA-4B6C-4449-9F25-F025059E2CED}.Release|Any CPU.ActiveCfg = Release|Any CPU
		{EA0150FA-4B6C-4449-9F25-F025059E2CED}.Release|Any CPU.Build.0 = Release|Any CPU
	EndGlobalSection
	GlobalSection(SolutionProperties) = preSolution
		HideSolutionNode = FALSE
	EndGlobalSection
	GlobalSection(ExtensibilityGlobals) = postSolution
		SolutionGuid = {C71C1832-757E-47BD-8F57-0B6B333CFFDD}
	EndGlobalSection
EndGlobal
